
Microsoft Visual Studio Solution File, Format Version 12.00
# Visual Studio 15
Project("{FAE04EC0-301F-11D3-BF4B-00C04F79EFBC}") = "Assembly-CSharp", "Assembly-CSharp.csproj", "{EF5450C3-9AB9-EC98-8A2B-754C36DCB5AE}"
EndProject
Project("{FAE04EC0-301F-11D3-BF4B-00C04F79EFBC}") = "Assembly-CSharp-Editor", "Assembly-CSharp-Editor.csproj", "{16BF109A-CBB4-849B-AF40-08948B9803EA}"
EndProject
Global
	GlobalSection(SolutionConfigurationPlatforms) = preSolution
		Debug|Any CPU = Debug|Any CPU
		Release|Any CPU = Release|Any CPU
	EndGlobalSection
	GlobalSection(ProjectConfigurationPlatforms) = postSolution
		{EF5450C3-9AB9-EC98-8A2B-754C36DCB5AE}.Debug|Any CPU.ActiveCfg = Debug|Any CPU
		{EF5450C3-9AB9-EC98-8A2B-754C36DCB5AE}.Debug|Any CPU.Build.0 = Debug|Any CPU
		{EF5450C3-9AB9-EC98-8A2B-754C36DCB5AE}.Release|Any CPU.ActiveCfg = Release|Any CPU
		{EF5450C3-9AB9-EC98-8A2B-754C36DCB5AE}.Release|Any CPU.Build.0 = Release|Any CPU
		{16BF109A-CBB4-849B-AF40-08948B9803EA}.Debug|Any CPU.ActiveCfg = Debug|Any CPU
		{16BF109A-CBB4-849B-AF40-08948B9803EA}.Debug|Any CPU.Build.0 = Debug|Any CPU
		{16BF109A-CBB4-849B-AF40-08948B9803EA}.Release|Any CPU.ActiveCfg = Release|Any CPU
		{16BF109A-CBB4-849B-AF40-08948B9803EA}.Release|Any CPU.Build.0 = Release|Any CPU
	EndGlobalSection
	GlobalSection(SolutionProperties) = preSolution
		HideSolutionNode = FALSE
	EndGlobalSection
EndGlobal
